Microsoft Visual Studio Solution File, Format Version 12.00
# Visual Studio Version 17
VisualStudioVersion = 17.5.2.0
MinimumVisualStudioVersion = 10.0.40219.1
Project("{FAE04EC0-301F-11D3-BF4B-00C04F79EFBC}") = "SmartFactory.API", "SmartFactory.API.csproj", "{72C40DEB-A54B-0323-A1ED-E8ED35A20170}"
EndProject
Global
	GlobalSection(SolutionConfigurationPlatforms) = preSolution
		Debug|Any CPU = Debug|Any CPU
		Release|Any CPU = Release|Any CPU
	EndGlobalSection
	GlobalSection(ProjectConfigurationPlatforms) = postSolution
		{72C40DEB-A54B-0323-A1ED-E8ED35A20170}.Debug|Any CPU.ActiveCfg = Debug|Any CPU
		{72C40DEB-A54B-0323-A1ED-E8ED35A20170}.Debug|Any CPU.Build.0 = Debug|Any CPU
		{72C40DEB-A54B-0323-A1ED-E8ED35A20170}.Release|Any CPU.ActiveCfg = Release|Any CPU
		{72C40DEB-A54B-0323-A1ED-E8ED35A20170}.Release|Any CPU.Build.0 = Release|Any CPU
	EndGlobalSection
	GlobalSection(SolutionProperties) = preSolution
		HideSolutionNode = FALSE
	EndGlobalSection
	GlobalSection(ExtensibilityGlobals) = postSolution
		SolutionGuid = {58E822FE-52F1-4E54-B87D-3274202EB330}
	EndGlobalSection
EndGlobal
